
Microsoft Visual Studio Solution File, Format Version 12.00
# Visual Studio 15
VisualStudioVersion = 15.0.28307.1321
MinimumVisualStudioVersion = 10.0.40219.1
Project("{159641D6-6404-4A2A-AE62-294DE0FE8301}") = "MSSQL-MYSQL-MIGRATION", "MSSQL-MYSQL-MIGRATION\MSSQL-MYSQL-MIGRATION.dtproj", "{B487C1CF-0913-4A59-8987-67650C437A3E}"
EndProject
Global
	GlobalSection(SolutionConfigurationPlatforms) = preSolution
		Development|Default = Development|Default
	EndGlobalSection
	GlobalSection(ProjectConfigurationPlatforms) = postSolution
		{B487C1CF-0913-4A59-8987-67650C437A3E}.Development|Default.ActiveCfg = Development
		{B487C1CF-0913-4A59-8987-67650C437A3E}.Development|Default.Build.0 = Development
	EndGlobalSection
	GlobalSection(SolutionProperties) = preSolution
		HideSolutionNode = FALSE
	EndGlobalSection
	GlobalSection(ExtensibilityGlobals) = postSolution
		SolutionGuid = {43E61120-49CE-41FB-850C-58ECDAD1D44A}
	EndGlobalSection
EndGlobal
